
Microsoft Visual Studio Solution File, Format Version 12.00
# Visual Studio Version 17
VisualStudioVersion = 17.0.31903.59
MinimumVisualStudioVersion = 10.0.40219.1
Project("{2150E333-8FDC-42A3-9474-1A3956D46DE8}") = "TriangleClassifier", "TriangleClassifier", "{64921D41-F813-4DA7-BA5B-C15A5B74A46C}"
EndProject
Project("{FAE04EC0-301F-11D3-BF4B-00C04F79EFBC}") = "TriangleClassifier", "TriangleClassifier\src\Triangle.csproj", "{4A1C2FAC-1A98-4FE5-9B28-54F8CCF269F9}"
EndProject
Project("{FAE04EC0-301F-11D3-BF4B-00C04F79EFBC}") = "tests", "TriangleClassifier\tests\Tests.csproj", "{29A9C513-FF3E-4BE1-9C58-AD7FEFC67E8C}"
EndProject
Global
	GlobalSection(SolutionConfigurationPlatforms) = preSolution
		Debug|Any CPU = Debug|Any CPU
		Release|Any CPU = Release|Any CPU
	EndGlobalSection
	GlobalSection(SolutionProperties) = preSolution
		HideSolutionNode = FALSE
	EndGlobalSection
	GlobalSection(ProjectConfigurationPlatforms) = postSolution
		{1C2D7CD4-54BE-4F33-A8B8-E3CE4712AA5C}.Debug|Any CPU.ActiveCfg = Debug|Any CPU
		{1C2D7CD4-54BE-4F33-A8B8-E3CE4712AA5C}.Debug|Any CPU.Build.0 = Debug|Any CPU
		{1C2D7CD4-54BE-4F33-A8B8-E3CE4712AA5C}.Release|Any CPU.ActiveCfg = Release|Any CPU
		{1C2D7CD4-54BE-4F33-A8B8-E3CE4712AA5C}.Release|Any CPU.Build.0 = Release|Any CPU
		{4A1C2FAC-1A98-4FE5-9B28-54F8CCF269F9}.Debug|Any CPU.ActiveCfg = Debug|Any CPU
		{4A1C2FAC-1A98-4FE5-9B28-54F8CCF269F9}.Debug|Any CPU.Build.0 = Debug|Any CPU
		{4A1C2FAC-1A98-4FE5-9B28-54F8CCF269F9}.Release|Any CPU.ActiveCfg = Release|Any CPU
		{4A1C2FAC-1A98-4FE5-9B28-54F8CCF269F9}.Release|Any CPU.Build.0 = Release|Any CPU
		{29A9C513-FF3E-4BE1-9C58-AD7FEFC67E8C}.Debug|Any CPU.ActiveCfg = Debug|Any CPU
		{29A9C513-FF3E-4BE1-9C58-AD7FEFC67E8C}.Debug|Any CPU.Build.0 = Debug|Any CPU
		{29A9C513-FF3E-4BE1-9C58-AD7FEFC67E8C}.Release|Any CPU.ActiveCfg = Release|Any CPU
		{29A9C513-FF3E-4BE1-9C58-AD7FEFC67E8C}.Release|Any CPU.Build.0 = Release|Any CPU
	EndGlobalSection
	GlobalSection(NestedProjects) = preSolution
		{4A1C2FAC-1A98-4FE5-9B28-54F8CCF269F9} = {64921D41-F813-4DA7-BA5B-C15A5B74A46C}
		{29A9C513-FF3E-4BE1-9C58-AD7FEFC67E8C} = {64921D41-F813-4DA7-BA5B-C15A5B74A46C}
	EndGlobalSection
EndGlobal
